
Microsoft Visual Studio Solution File, Format Version 12.00
# Visual Studio 15
VisualStudioVersion = 15.0.26730.16
MinimumVisualStudioVersion = 10.0.40219.1
Project("{FAE04EC0-301F-11D3-BF4B-00C04F79EFBC}") = "VacancyFinder", "VacancyFinder\VacancyFinder.csproj", "{8DD28EE2-8640-410D-8EE8-7E0AD9137F95}"
EndProject
Global
	GlobalSection(SolutionConfigurationPlatforms) = preSolution
		Debug|Any CPU = Debug|Any CPU
		Release|Any CPU = Release|Any CPU
	EndGlobalSection
	GlobalSection(ProjectConfigurationPlatforms) = postSolution
		{8DD28EE2-8640-410D-8EE8-7E0AD9137F95}.Debug|Any CPU.ActiveCfg = Debug|Any CPU
		{8DD28EE2-8640-410D-8EE8-7E0AD9137F95}.Debug|Any CPU.Build.0 = Debug|Any CPU
		{8DD28EE2-8640-410D-8EE8-7E0AD9137F95}.Release|Any CPU.ActiveCfg = Release|Any CPU
		{8DD28EE2-8640-410D-8EE8-7E0AD9137F95}.Release|Any CPU.Build.0 = Release|Any CPU
	EndGlobalSection
	GlobalSection(SolutionProperties) = preSolution
		HideSolutionNode = FALSE
	EndGlobalSection
	GlobalSection(ExtensibilityGlobals) = postSolution
		SolutionGuid = {49CA9C95-5883-4E66-8CB9-A003B06ABCAB}
	EndGlobalSection
EndGlobal
